
Microsoft Visual Studio Solution File, Format Version 12.00
# Visual Studio Version 17
VisualStudioVersion = 17.7.34031.279
MinimumVisualStudioVersion = 10.0.40219.1
Project("{FAE04EC0-301F-11D3-BF4B-00C04F79EFBC}") = "Assignment2", "Assignment2\Assignment2.csproj", "{626AC34A-27CE-4CF2-84A0-59BD22BDAB79}"
EndProject
Global
	GlobalSection(SolutionConfigurationPlatforms) = preSolution
		Debug|Any CPU = Debug|Any CPU
		Release|Any CPU = Release|Any CPU
	EndGlobalSection
	GlobalSection(ProjectConfigurationPlatforms) = postSolution
		{626AC34A-27CE-4CF2-84A0-59BD22BDAB79}.Debug|Any CPU.ActiveCfg = Debug|Any CPU
		{626AC34A-27CE-4CF2-84A0-59BD22BDAB79}.Debug|Any CPU.Build.0 = Debug|Any CPU
		{626AC34A-27CE-4CF2-84A0-59BD22BDAB79}.Release|Any CPU.ActiveCfg = Release|Any CPU
		{626AC34A-27CE-4CF2-84A0-59BD22BDAB79}.Release|Any CPU.Build.0 = Release|Any CPU
	EndGlobalSection
	GlobalSection(SolutionProperties) = preSolution
		HideSolutionNode = FALSE
	EndGlobalSection
	GlobalSection(ExtensibilityGlobals) = postSolution
		SolutionGuid = {4EA0E6C3-6314-4A54-84D2-4DDB9EE31677}
	EndGlobalSection
EndGlobal
